
Microsoft Visual Studio Solution File, Format Version 12.00
# Visual Studio 15
VisualStudioVersion = 15.0.27004.2002
MinimumVisualStudioVersion = 10.0.40219.1
Project("{D954291E-2A0B-460D-934E-DC6B0785DB48}") = "Pocket_Scout", "Pocket_Scout\Pocket_Scout\Pocket_Scout.shproj", "{21819D94-B1A1-4009-9344-83DC9DA3017E}"
EndProject
Project("{FAE04EC0-301F-11D3-BF4B-00C04F79EFBC}") = "Pocket_Scout.Android", "Pocket_Scout\Pocket_Scout.Android\Pocket_Scout.Android.csproj", "{F5065BE2-299D-497F-8267-09132854B30B}"
EndProject
Project("{FAE04EC0-301F-11D3-BF4B-00C04F79EFBC}") = "Pocket_Scout.iOS", "Pocket_Scout\Pocket_Scout.iOS\Pocket_Scout.iOS.csproj", "{B8906CE1-81BC-4FE6-AC4E-7EE0F29C963C}"
EndProject
Project("{FAE04EC0-301F-11D3-BF4B-00C04F79EFBC}") = "Pocket_Scout.UWP", "Pocket_Scout\Pocket_Scout.UWP\Pocket_Scout.UWP.csproj", "{215B248C-0B24-4F9D-AC90-BBC882CB35B2}"
EndProject
Global
	GlobalSection(SharedMSBuildProjectFiles) = preSolution
		Pocket_Scout\Pocket_Scout\Pocket_Scout.projitems*{215b248c-0b24-4f9d-ac90-bbc882cb35b2}*SharedItemsImports = 4
		Pocket_Scout\Pocket_Scout\Pocket_Scout.projitems*{21819d94-b1a1-4009-9344-83dc9da3017e}*SharedItemsImports = 13
		Pocket_Scout\Pocket_Scout\Pocket_Scout.projitems*{b8906ce1-81bc-4fe6-ac4e-7ee0f29c963c}*SharedItemsImports = 4
		Pocket_Scout\Pocket_Scout\Pocket_Scout.projitems*{f5065be2-299d-497f-8267-09132854b30b}*SharedItemsImports = 4
	EndGlobalSection
	GlobalSection(SolutionConfigurationPlatforms) = preSolution
		Ad-Hoc|Any CPU = Ad-Hoc|Any CPU
		Ad-Hoc|ARM = Ad-Hoc|ARM
		Ad-Hoc|iPhone = Ad-Hoc|iPhone
		Ad-Hoc|iPhoneSimulator = Ad-Hoc|iPhoneSimulator
		Ad-Hoc|x64 = Ad-Hoc|x64
		Ad-Hoc|x86 = Ad-Hoc|x86
		AppStore|Any CPU = AppStore|Any CPU
		AppStore|ARM = AppStore|ARM
		AppStore|iPhone = AppStore|iPhone
		AppStore|iPhoneSimulator = AppStore|iPhoneSimulator
		AppStore|x64 = AppStore|x64
		AppStore|x86 = AppStore|x86
		Debug|Any CPU = Debug|Any CPU
		Debug|ARM = Debug|ARM
		Debug|iPhone = Debug|iPhone
		Debug|iPhoneSimulator = Debug|iPhoneSimulator
		Debug|x64 = Debug|x64
		Debug|x86 = Debug|x86
		Release|Any CPU = Release|Any CPU
		Release|ARM = Release|ARM
		Release|iPhone = Release|iPhone
		Release|iPhoneSimulator = Release|iPhoneSimulator
		Release|x64 = Release|x64
		Release|x86 = Release|x86
	EndGlobalSection
	GlobalSection(ProjectConfigurationPlatforms) = postSolution
		{F5065BE2-299D-497F-8267-09132854B30B}.Ad-Hoc|Any CPU.ActiveCfg = Release|Any CPU
		{F5065BE2-299D-497F-8267-09132854B30B}.Ad-Hoc|Any CPU.Build.0 = Release|Any CPU
		{F5065BE2-299D-497F-8267-09132854B30B}.Ad-Hoc|Any CPU.Deploy.0 = Release|Any CPU
		{F5065BE2-299D-497F-8267-09132854B30B}.Ad-Hoc|ARM.ActiveCfg = Release|Any CPU
		{F5065BE2-299D-497F-8267-09132854B30B}.Ad-Hoc|ARM.Build.0 = Release|Any CPU
		{F5065BE2-299D-497F-8267-09132854B30B}.Ad-Hoc|ARM.Deploy.0 = Release|Any CPU
		{F5065BE2-299D-497F-8267-09132854B30B}.Ad-Hoc|iPhone.ActiveCfg = Release|Any CPU
		{F5065BE2-299D-497F-8267-09132854B30B}.Ad-Hoc|iPhone.Build.0 = Release|Any CPU
		{F5065BE2-299D-497F-8267-09132854B30B}.Ad-Hoc|iPhone.Deploy.0 = Release|Any CPU
		{F5065BE2-299D-497F-8267-09132854B30B}.Ad-Hoc|iPhoneSimulator.ActiveCfg = Release|Any CPU
		{F5065BE2-299D-497F-8267-09132854B30B}.Ad-Hoc|iPhoneSimulator.Build.0 = Release|Any CPU
		{F5065BE2-299D-497F-8267-09132854B30B}.Ad-Hoc|iPhoneSimulator.Deploy.0 = Release|Any CPU
		{F5065BE2-299D-497F-8267-09132854B30B}.Ad-Hoc|x64.ActiveCfg = Release|Any CPU
		{F5065BE2-299D-497F-8267-09132854B30B}.Ad-Hoc|x64.Build.0 = Release|Any CPU
		{F5065BE2-299D-497F-8267-09132854B30B}.Ad-Hoc|x64.Deploy.0 = Release|Any CPU
		{F5065BE2-299D-497F-8267-09132854B30B}.Ad-Hoc|x86.ActiveCfg = Release|Any CPU
		{F5065BE2-299D-497F-8267-09132854B30B}.Ad-Hoc|x86.Build.0 = Release|Any CPU
		{F5065BE2-299D-497F-8267-09132854B30B}.Ad-Hoc|x86.Deploy.0 = Release|Any CPU
		{F5065BE2-299D-497F-8267-09132854B30B}.AppStore|Any CPU.ActiveCfg = Release|Any CPU
		{F5065BE2-299D-497F-8267-09132854B30B}.AppStore|Any CPU.Build.0 = Release|Any CPU
		{F5065BE2-299D-497F-8267-09132854B30B}.AppStore|Any CPU.Deploy.0 = Release|Any CPU
		{F5065BE2-299D-497F-8267-09132854B30B}.AppStore|ARM.ActiveCfg = Release|Any CPU
		{F5065BE2-299D-497F-8267-09132854B30B}.AppStore|ARM.Build.0 = Release|Any CPU
		{F5065BE2-299D-497F-8267-09132854B30B}.AppStore|ARM.Deploy.0 = Release|Any CPU
		{F5065BE2-299D-497F-8267-09132854B30B}.AppStore|iPhone.ActiveCfg = Release|Any CPU
		{F5065BE2-299D-497F-8267-09132854B30B}.AppStore|iPhone.Build.0 = Release|Any CPU
		{F5065BE2-299D-497F-8267-09132854B30B}.AppStore|iPhone.Deploy.0 = Release|Any CPU
		{F5065BE2-299D-497F-8267-09132854B30B}.AppStore|iPhoneSimulator.ActiveCfg = Release|Any CPU
		{F5065BE2-299D-497F-8267-09132854B30B}.AppStore|iPhoneSimulator.Build.0 = Release|Any CPU
		{F5065BE2-299D-497F-8267-09132854B30B}.AppStore|iPhoneSimulator.Deploy.0 = Release|Any CPU
		{F5065BE2-299D-497F-8267-09132854B30B}.AppStore|x64.ActiveCfg = Release|Any CPU
		{F5065BE2-299D-497F-8267-09132854B30B}.AppStore|x64.Build.0 = Release|Any CPU
		{F5065BE2-299D-497F-8267-09132854B30B}.AppStore|x64.Deploy.0 = Release|Any CPU
		{F5065BE2-299D-497F-8267-09132854B30B}.AppStore|x86.ActiveCfg = Release|Any CPU
		{F5065BE2-299D-497F-8267-09132854B30B}.AppStore|x86.Build.0 = Release|Any CPU
		{F5065BE2-299D-497F-8267-09132854B30B}.AppStore|x86.Deploy.0 = Release|Any CPU
		{F5065BE2-299D-497F-8267-09132854B30B}.Debug|Any CPU.ActiveCfg = Debug|Any CPU
		{F5065BE2-299D-497F-8267-09132854B30B}.Debug|Any CPU.Build.0 = Debug|Any CPU
		{F5065BE2-299D-497F-8267-09132854B30B}.Debug|Any CPU.Deploy.0 = Debug|Any CPU
		{F5065BE2-299D-497F-8267-09132854B30B}.Debug|ARM.ActiveCfg = Debug|Any CPU
		{F5065BE2-299D-497F-8267-09132854B30B}.Debug|ARM.Build.0 = Debug|Any CPU
		{F5065BE2-299D-497F-8267-09132854B30B}.Debug|ARM.Deploy.0 = Debug|Any CPU
		{F5065BE2-299D-497F-8267-09132854B30B}.Debug|iPhone.ActiveCfg = Debug|Any CPU
		{F5065BE2-299D-497F-8267-09132854B30B}.Debug|iPhone.Build.0 = Debug|Any CPU
		{F5065BE2-299D-497F-8267-09132854B30B}.Debug|iPhone.Deploy.0 = Debug|Any CPU
		{F5065BE2-299D-497F-8267-09132854B30B}.Debug|iPhoneSimulator.ActiveCfg = Debug|Any CPU
		{F5065BE2-299D-497F-8267-09132854B30B}.Debug|iPhoneSimulator.Build.0 = Debug|Any CPU
		{F5065BE2-299D-497F-8267-09132854B30B}.Debug|iPhoneSimulator.Deploy.0 = Debug|Any CPU
		{F5065BE2-299D-497F-8267-09132854B30B}.Debug|x64.ActiveCfg = Debug|Any CPU
		{F5065BE2-299D-497F-8267-09132854B30B}.Debug|x64.Build.0 = Debug|Any CPU
		{F5065BE2-299D-497F-8267-09132854B30B}.Debug|x64.Deploy.0 = Debug|Any CPU
		{F5065BE2-299D-497F-8267-09132854B30B}.Debug|x86.ActiveCfg = Debug|Any CPU
		{F5065BE2-299D-497F-8267-09132854B30B}.Debug|x86.Build.0 = Debug|Any CPU
		{F5065BE2-299D-497F-8267-09132854B30B}.Debug|x86.Deploy.0 = Debug|Any CPU
		{F5065BE2-299D-497F-8267-09132854B30B}.Release|Any CPU.ActiveCfg = Release|Any CPU
		{F5065BE2-299D-497F-8267-09132854B30B}.Release|Any CPU.Build.0 = Release|Any CPU
		{F5065BE2-299D-497F-8267-09132854B30B}.Release|Any CPU.Deploy.0 = Release|Any CPU
		{F5065BE2-299D-497F-8267-09132854B30B}.Release|ARM.ActiveCfg = Release|Any CPU
		{F5065BE2-299D-497F-8267-09132854B30B}.Release|ARM.Build.0 = Release|Any CPU
		{F5065BE2-299D-497F-8267-09132854B30B}.Release|ARM.Deploy.0 = Release|Any CPU
		{F5065BE2-299D-497F-8267-09132854B30B}.Release|iPhone.ActiveCfg = Release|Any CPU
		{F5065BE2-299D-497F-8267-09132854B30B}.Release|iPhone.Build.0 = Release|Any CPU
		{F5065BE2-299D-497F-8267-09132854B30B}.Release|iPhone.Deploy.0 = Release|Any CPU
		{F5065BE2-299D-497F-8267-09132854B30B}.Release|iPhoneSimulator.ActiveCfg = Release|Any CPU
		{F5065BE2-299D-497F-8267-09132854B30B}.Release|iPhoneSimulator.Build.0 = Release|Any CPU
		{F5065BE2-299D-497F-8267-09132854B30B}.Release|iPhoneSimulator.Deploy.0 = Release|Any CPU
		{F5065BE2-299D-497F-8267-09132854B30B}.Release|x64.ActiveCfg = Release|Any CPU
		{F5065BE2-299D-497F-8267-09132854B30B}.Release|x64.Build.0 = Release|Any CPU
		{F5065BE2-299D-497F-8267-09132854B30B}.Release|x64.Deploy.0 = Release|Any CPU
		{F5065BE2-299D-497F-8267-09132854B30B}.Release|x86.ActiveCfg = Release|Any CPU
		{F5065BE2-299D-497F-8267-09132854B30B}.Release|x86.Build.0 = Release|Any CPU
		{F5065BE2-299D-497F-8267-09132854B30B}.Release|x86.Deploy.0 = Release|Any CPU
		{B8906CE1-81BC-4FE6-AC4E-7EE0F29C963C}.Ad-Hoc|Any CPU.ActiveCfg = Ad-Hoc|iPhone
		{B8906CE1-81BC-4FE6-AC4E-7EE0F29C963C}.Ad-Hoc|ARM.ActiveCfg = Ad-Hoc|iPhone
		{B8906CE1-81BC-4FE6-AC4E-7EE0F29C963C}.Ad-Hoc|iPhone.ActiveCfg = Ad-Hoc|iPhone
		{B8906CE1-81BC-4FE6-AC4E-7EE0F29C963C}.Ad-Hoc|iPhone.Build.0 = Ad-Hoc|iPhone
		{B8906CE1-81BC-4FE6-AC4E-7EE0F29C963C}.Ad-Hoc|iPhoneSimulator.ActiveCfg = Ad-Hoc|iPhoneSimulator
		{B8906CE1-81BC-4FE6-AC4E-7EE0F29C963C}.Ad-Hoc|iPhoneSimulator.Build.0 = Ad-Hoc|iPhoneSimulator
		{B8906CE1-81BC-4FE6-AC4E-7EE0F29C963C}.Ad-Hoc|x64.ActiveCfg = Ad-Hoc|iPhone
		{B8906CE1-81BC-4FE6-AC4E-7EE0F29C963C}.Ad-Hoc|x86.ActiveCfg = Ad-Hoc|iPhone
		{B8906CE1-81BC-4FE6-AC4E-7EE0F29C963C}.AppStore|Any CPU.ActiveCfg = AppStore|iPhone
		{B8906CE1-81BC-4FE6-AC4E-7EE0F29C963C}.AppStore|ARM.ActiveCfg = AppStore|iPhone
		{B8906CE1-81BC-4FE6-AC4E-7EE0F29C963C}.AppStore|iPhone.ActiveCfg = AppStore|iPhone
		{B8906CE1-81BC-4FE6-AC4E-7EE0F29C963C}.AppStore|iPhone.Build.0 = AppStore|iPhone
		{B8906CE1-81BC-4FE6-AC4E-7EE0F29C963C}.AppStore|iPhoneSimulator.ActiveCfg = AppStore|iPhoneSimulator
		{B8906CE1-81BC-4FE6-AC4E-7EE0F29C963C}.AppStore|iPhoneSimulator.Build.0 = AppStore|iPhoneSimulator
		{B8906CE1-81BC-4FE6-AC4E-7EE0F29C963C}.AppStore|x64.ActiveCfg = AppStore|iPhone
		{B8906CE1-81BC-4FE6-AC4E-7EE0F29C963C}.AppStore|x86.ActiveCfg = AppStore|iPhone
		{B8906CE1-81BC-4FE6-AC4E-7EE0F29C963C}.Debug|Any CPU.ActiveCfg = Debug|iPhone
		{B8906CE1-81BC-4FE6-AC4E-7EE0F29C963C}.Debug|ARM.ActiveCfg = Debug|iPhone
		{B8906CE1-81BC-4FE6-AC4E-7EE0F29C963C}.Debug|iPhone.ActiveCfg = Debug|iPhone
		{B8906CE1-81BC-4FE6-AC4E-7EE0F29C963C}.Debug|iPhone.Build.0 = Debug|iPhone
		{B8906CE1-81BC-4FE6-AC4E-7EE0F29C963C}.Debug|iPhoneSimulator.ActiveCfg = Debug|iPhoneSimulator
		{B8906CE1-81BC-4FE6-AC4E-7EE0F29C963C}.Debug|iPhoneSimulator.Build.0 = Debug|iPhoneSimulator
		{B8906CE1-81BC-4FE6-AC4E-7EE0F29C963C}.Debug|x64.ActiveCfg = Debug|iPhone
		{B8906CE1-81BC-4FE6-AC4E-7EE0F29C963C}.Debug|x86.ActiveCfg = Debug|iPhone
		{B8906CE1-81BC-4FE6-AC4E-7EE0F29C963C}.Release|Any CPU.ActiveCfg = Release|iPhone
		{B8906CE1-81BC-4FE6-AC4E-7EE0F29C963C}.Release|ARM.ActiveCfg = Release|iPhone
		{B8906CE1-81BC-4FE6-AC4E-7EE0F29C963C}.Release|iPhone.ActiveCfg = Release|iPhone
		{B8906CE1-81BC-4FE6-AC4E-7EE0F29C963C}.Release|iPhone.Build.0 = Release|iPhone
		{B8906CE1-81BC-4FE6-AC4E-7EE0F29C963C}.Release|iPhoneSimulator.ActiveCfg = Release|iPhoneSimulator
		{B8906CE1-81BC-4FE6-AC4E-7EE0F29C963C}.Release|iPhoneSimulator.Build.0 = Release|iPhoneSimulator
		{B8906CE1-81BC-4FE6-AC4E-7EE0F29C963C}.Release|x64.ActiveCfg = Release|iPhone
		{B8906CE1-81BC-4FE6-AC4E-7EE0F29C963C}.Release|x86.ActiveCfg = Release|iPhone
		{215B248C-0B24-4F9D-AC90-BBC882CB35B2}.Ad-Hoc|Any CPU.ActiveCfg = Release|x86
		{215B248C-0B24-4F9D-AC90-BBC882CB35B2}.Ad-Hoc|Any CPU.Build.0 = Release|x86
		{215B248C-0B24-4F9D-AC90-BBC882CB35B2}.Ad-Hoc|Any CPU.Deploy.0 = Release|x86
		{215B248C-0B24-4F9D-AC90-BBC882CB35B2}.Ad-Hoc|ARM.ActiveCfg = Release|ARM
		{215B248C-0B24-4F9D-AC90-BBC882CB35B2}.Ad-Hoc|ARM.Build.0 = Release|ARM
		{215B248C-0B24-4F9D-AC90-BBC882CB35B2}.Ad-Hoc|ARM.Deploy.0 = Release|ARM
		{215B248C-0B24-4F9D-AC90-BBC882CB35B2}.Ad-Hoc|iPhone.ActiveCfg = Release|x86
		{215B248C-0B24-4F9D-AC90-BBC882CB35B2}.Ad-Hoc|iPhone.Build.0 = Release|x86
		{215B248C-0B24-4F9D-AC90-BBC882CB35B2}.Ad-Hoc|iPhone.Deploy.0 = Release|x86
		{215B248C-0B24-4F9D-AC90-BBC882CB35B2}.Ad-Hoc|iPhoneSimulator.ActiveCfg = Release|x86
		{215B248C-0B24-4F9D-AC90-BBC882CB35B2}.Ad-Hoc|iPhoneSimulator.Build.0 = Release|x86
		{215B248C-0B24-4F9D-AC90-BBC882CB35B2}.Ad-Hoc|iPhoneSimulator.Deploy.0 = Release|x86
		{215B248C-0B24-4F9D-AC90-BBC882CB35B2}.Ad-Hoc|x64.ActiveCfg = Release|x64
		{215B248C-0B24-4F9D-AC90-BBC882CB35B2}.Ad-Hoc|x64.Build.0 = Release|x64
		{215B248C-0B24-4F9D-AC90-BBC882CB35B2}.Ad-Hoc|x64.Deploy.0 = Release|x64
		{215B248C-0B24-4F9D-AC90-BBC882CB35B2}.Ad-Hoc|x86.ActiveCfg = Release|x86
		{215B248C-0B24-4F9D-AC90-BBC882CB35B2}.Ad-Hoc|x86.Build.0 = Release|x86
		{215B248C-0B24-4F9D-AC90-BBC882CB35B2}.Ad-Hoc|x86.Deploy.0 = Release|x86
		{215B248C-0B24-4F9D-AC90-BBC882CB35B2}.AppStore|Any CPU.ActiveCfg = Release|x86
		{215B248C-0B24-4F9D-AC90-BBC882CB35B2}.AppStore|Any CPU.Build.0 = Release|x86
		{215B248C-0B24-4F9D-AC90-BBC882CB35B2}.AppStore|Any CPU.Deploy.0 = Release|x86
		{215B248C-0B24-4F9D-AC90-BBC882CB35B2}.AppStore|ARM.ActiveCfg = Release|ARM
		{215B248C-0B24-4F9D-AC90-BBC882CB35B2}.AppStore|ARM.Build.0 = Release|ARM
		{215B248C-0B24-4F9D-AC90-BBC882CB35B2}.AppStore|ARM.Deploy.0 = Release|ARM
		{215B248C-0B24-4F9D-AC90-BBC882CB35B2}.AppStore|iPhone.ActiveCfg = Release|x86
		{215B248C-0B24-4F9D-AC90-BBC882CB35B2}.AppStore|iPhone.Build.0 = Release|x86
		{215B248C-0B24-4F9D-AC90-BBC882CB35B2}.AppStore|iPhone.Deploy.0 = Release|x86
		{215B248C-0B24-4F9D-AC90-BBC882CB35B2}.AppStore|iPhoneSimulator.ActiveCfg = Release|x86
		{215B248C-0B24-4F9D-AC90-BBC882CB35B2}.AppStore|iPhoneSimulator.Build.0 = Release|x86
		{215B248C-0B24-4F9D-AC90-BBC882CB35B2}.AppStore|iPhoneSimulator.Deploy.0 = Release|x86
		{215B248C-0B24-4F9D-AC90-BBC882CB35B2}.AppStore|x64.ActiveCfg = Release|x64
		{215B248C-0B24-4F9D-AC90-BBC882CB35B2}.AppStore|x64.Build.0 = Release|x64
		{215B248C-0B24-4F9D-AC90-BBC882CB35B2}.AppStore|x64.Deploy.0 = Release|x64
		{215B248C-0B24-4F9D-AC90-BBC882CB35B2}.AppStore|x86.ActiveCfg = Release|x86
		{215B248C-0B24-4F9D-AC90-BBC882CB35B2}.AppStore|x86.Build.0 = Release|x86
		{215B248C-0B24-4F9D-AC90-BBC882CB35B2}.AppStore|x86.Deploy.0 = Release|x86
		{215B248C-0B24-4F9D-AC90-BBC882CB35B2}.Debug|Any CPU.ActiveCfg = Debug|x86
		{215B248C-0B24-4F9D-AC90-BBC882CB35B2}.Debug|ARM.ActiveCfg = Debug|ARM
		{215B248C-0B24-4F9D-AC90-BBC882CB35B2}.Debug|ARM.Build.0 = Debug|ARM
		{215B248C-0B24-4F9D-AC90-BBC882CB35B2}.Debug|ARM.Deploy.0 = Debug|ARM
		{215B248C-0B24-4F9D-AC90-BBC882CB35B2}.Debug|iPhone.ActiveCfg = Debug|x86
		{215B248C-0B24-4F9D-AC90-BBC882CB35B2}.Debug|iPhoneSimulator.ActiveCfg = Debug|x86
		{215B248C-0B24-4F9D-AC90-BBC882CB35B2}.Debug|x64.ActiveCfg = Debug|x64
		{215B248C-0B24-4F9D-AC90-BBC882CB35B2}.Debug|x64.Build.0 = Debug|x64
		{215B248C-0B24-4F9D-AC90-BBC882CB35B2}.Debug|x64.Deploy.0 = Debug|x64
		{215B248C-0B24-4F9D-AC90-BBC882CB35B2}.Debug|x86.ActiveCfg = Debug|x86
		{215B248C-0B24-4F9D-AC90-BBC882CB35B2}.Debug|x86.Build.0 = Debug|x86
		{215B248C-0B24-4F9D-AC90-BBC882CB35B2}.Debug|x86.Deploy.0 = Debug|x86
		{215B248C-0B24-4F9D-AC90-BBC882CB35B2}.Release|Any CPU.ActiveCfg = Release|x86
		{215B248C-0B24-4F9D-AC90-BBC882CB35B2}.Release|ARM.ActiveCfg = Release|ARM
		{215B248C-0B24-4F9D-AC90-BBC882CB35B2}.Release|ARM.Build.0 = Release|ARM
		{215B248C-0B24-4F9D-AC90-BBC882CB35B2}.Release|ARM.Deploy.0 = Release|ARM
		{215B248C-0B24-4F9D-AC90-BBC882CB35B2}.Release|iPhone.ActiveCfg = Release|x86
		{215B248C-0B24-4F9D-AC90-BBC882CB35B2}.Release|iPhoneSimulator.ActiveCfg = Release|x86
		{215B248C-0B24-4F9D-AC90-BBC882CB35B2}.Release|x64.ActiveCfg = Release|x64
		{215B248C-0B24-4F9D-AC90-BBC882CB35B2}.Release|x64.Build.0 = Release|x64
		{215B248C-0B24-4F9D-AC90-BBC882CB35B2}.Release|x64.Deploy.0 = Release|x64
		{215B248C-0B24-4F9D-AC90-BBC882CB35B2}.Release|x86.ActiveCfg = Release|x86
		{215B248C-0B24-4F9D-AC90-BBC882CB35B2}.Release|x86.Build.0 = Release|x86
		{215B248C-0B24-4F9D-AC90-BBC882CB35B2}.Release|x86.Deploy.0 = Release|x86
	EndGlobalSection
	GlobalSection(SolutionProperties) = preSolution
		HideSolutionNode = FALSE
	EndGlobalSection
	GlobalSection(ExtensibilityGlobals) = postSolution
		SolutionGuid = {F38A13D1-DEE9-474E-BF54-FE379CA68DD4}
	EndGlobalSection
EndGlobal
